<?xml version="1.0" encoding="utf-8"?>
<Project ToolsVersion="4.0" xmlns="http://schemas.microsoft.com/developer/msbuild/2003">
  <ItemGroup>
    <Filter Include="Source Files">
      <UniqueIdentifier>{4FC737F1-C7A5-4376-A066-2A32D752A2FF}</UniqueIdentifier>
      <Extensions>cpp;c;cc;cxx;def;odl;idl;hpj;bat;asm;asmx</Extensions>
    </Filter>
    <Filter Include="Header Files">
      <UniqueIdentifier>{93995380-89BD-4b04-88EB-625FBE52EBFB}</UniqueIdentifier>
      <Extensions>h;hh;hpp;hxx;hm;inl;inc;xsd</Extensions>
    </Filter>
  </ItemGroup>
  <ItemGroup>
    <ClInclude Include="../../../src/map/atcommand.h">
      <Filter>Header Files</Filter>
    </ClInclude>
    <ClInclude Include="../../../src/map/battle.h">
      <Filter>Header Files</Filter>
    </ClInclude>
    <ClInclude Include="../../../src/map/battleground.h">
      <Filter>Header Files</Filter>
    </ClInclude>
    <ClInclude Include="../../../src/map/buyingstore.h">
      <Filter>Header Files</Filter>
    </ClInclude>
    <ClInclude Include="../../../src/map/cashshop.h">
      <Filter>Header Files</Filter>
    </ClInclude>
    <ClInclude Include="../../../src/map/channel.h">
      <Filter>Header Files</Filter>
    </ClInclude>
    <ClInclude Include="../../../src/map/chat.h">
      <Filter>Header Files</Filter>
    </ClInclude>
    <ClInclude Include="../../../src/map/chrif.h">
      <Filter>Header Files</Filter>
    </ClInclude>
    <ClInclude Include="../../../src/map/clif.h">
      <Filter>Header Files</Filter>
    </ClInclude>
    <ClInclude Include="../../../src/map/date.h">
      <Filter>Header Files</Filter>
    </ClInclude>
    <ClInclude Include="../../../src/map/duel.h">
      <Filter>Header Files</Filter>
    </ClInclude>
    <ClInclude Include="../../../src/map/elemental.h">
      <Filter>Header Files</Filter>
    </ClInclude>
    <ClInclude Include="../../../src/map/guild.h">
      <Filter>Header Files</Filter>
    </ClInclude>
    <ClInclude Include="../../../src/map/homunculus.h">
      <Filter>Header Files</Filter>
    </ClInclude>
    <ClInclude Include="../../../src/map/instance.h">
      <Filter>Header Files</Filter>
    </ClInclude>
    <ClInclude Include="../../../src/map/intif.h">
      <Filter>Header Files</Filter>
    </ClInclude>
    <ClInclude Include="../../../src/map/itemdb.h">
      <Filter>Header Files</Filter>
    </ClInclude>
    <ClInclude Include="../../../src/map/log.h">
      <Filter>Header Files</Filter>
    </ClInclude>
    <ClInclude Include="../../../src/map/mail.h">
      <Filter>Header Files</Filter>
    </ClInclude>
    <ClInclude Include="../../../src/map/map.h">
      <Filter>Header Files</Filter>
    </ClInclude>
    <ClInclude Include="../../../src/map/mapreg.h">
      <Filter>Header Files</Filter>
    </ClInclude>
    <ClInclude Include="../../../src/map/mercenary.h">
      <Filter>Header Files</Filter>
    </ClInclude>
    <ClInclude Include="../../../src/map/mob.h">
      <Filter>Header Files</Filter>
    </ClInclude>
    <ClInclude Include="../../../src/map/npc.h">
      <Filter>Header Files</Filter>
    </ClInclude>
    <ClInclude Include="../../../src/map/party.h">
      <Filter>Header Files</Filter>
    </ClInclude>
    <ClInclude Include="../../../src/map/path.h">
      <Filter>Header Files</Filter>
    </ClInclude>
    <ClInclude Include="../../../src/map/pc.h">
      <Filter>Header Files</Filter>
    </ClInclude>
    <ClInclude Include="../../../src/map/pc_groups.h">
      <Filter>Header Files</Filter>
    </ClInclude>
    <ClInclude Include="../../../src/map/pet.h">
      <Filter>Header Files</Filter>
    </ClInclude>
    <ClInclude Include="../../../src/map/quest.h">
      <Filter>Header Files</Filter>
    </ClInclude>
    <ClInclude Include="../../../src/map/script.h">
      <Filter>Header Files</Filter>
    </ClInclude>
    <ClInclude Include="../../../src/map/searchstore.h">
      <Filter>Header Files</Filter>
    </ClInclude>
    <ClInclude Include="../../../src/map/skill.h">
      <Filter>Header Files</Filter>
    </ClInclude>
    <ClInclude Include="../../../src/map/status.h">
      <Filter>Header Files</Filter>
    </ClInclude>
    <ClInclude Include="../../../src/map/storage.h">
      <Filter>Header Files</Filter>
    </ClInclude>
    <ClInclude Include="../../../src/map/trade.h">
      <Filter>Header Files</Filter>
    </ClInclude>
    <ClInclude Include="../../../src/map/unit.h">
      <Filter>Header Files</Filter>
    </ClInclude>
    <ClInclude Include="../../../src/map/vending.h">
      <Filter>Header Files</Filter>
    </ClInclude>
    <ClInclude Include="../../../src/map/script_constants.h">
      <Filter>Header Files</Filter>
    </ClInclude>
  </ItemGroup>
  <ItemGroup>
    <ClCompile Include="../../../src/map/atcommand.cpp">
      <Filter>Source Files</Filter>
    </ClCompile>
    <ClCompile Include="../../../src/map/battle.cpp">
      <Filter>Source Files</Filter>
    </ClCompile>
    <ClCompile Include="../../../src/map/battleground.cpp">
      <Filter>Source Files</Filter>
    </ClCompile>
    <ClCompile Include="../../../src/map/buyingstore.cpp">
      <Filter>Source Files</Filter>
    </ClCompile>
    <ClCompile Include="../../../src/map/cashshop.cpp">
      <Filter>Source Files</Filter>
    </ClCompile>
    <ClCompile Include="../../../src/map/channel.cpp">
      <Filter>Source Files</Filter>
    </ClCompile>
    <ClCompile Include="../../../src/map/chat.cpp">
      <Filter>Source Files</Filter>
    </ClCompile>
    <ClCompile Include="../../../src/map/chrif.cpp">
      <Filter>Source Files</Filter>
    </ClCompile>
    <ClCompile Include="../../../src/map/clif.cpp">
      <Filter>Source Files</Filter>
    </ClCompile>
    <ClCompile Include="../../../src/map/date.cpp">
      <Filter>Source Files</Filter>
    </ClCompile>
    <ClCompile Include="../../../src/map/duel.cpp">
      <Filter>Source Files</Filter>
    </ClCompile>
    <ClCompile Include="../../../src/map/elemental.cpp">
      <Filter>Source Files</Filter>
    </ClCompile>
    <ClCompile Include="../../../src/map/guild.cpp">
      <Filter>Source Files</Filter>
    </ClCompile>
    <ClCompile Include="../../../src/map/homunculus.cpp">
      <Filter>Source Files</Filter>
    </ClCompile>
    <ClCompile Include="../../../src/map/instance.cpp">
      <Filter>Source Files</Filter>
    </ClCompile>
    <ClCompile Include="../../../src/map/intif.cpp">
      <Filter>Source Files</Filter>
    </ClCompile>
    <ClCompile Include="../../../src/map/itemdb.cpp">
      <Filter>Source Files</Filter>
    </ClCompile>
    <ClCompile Include="../../../src/map/log.cpp">
      <Filter>Source Files</Filter>
    </ClCompile>
    <ClCompile Include="../../../src/map/mail.cpp">
      <Filter>Source Files</Filter>
    </ClCompile>
    <ClCompile Include="../../../src/map/map.cpp">
      <Filter>Source Files</Filter>
    </ClCompile>
    <ClCompile Include="../../../src/map/mapreg.cpp">
      <Filter>Source Files</Filter>
    </ClCompile>
    <ClCompile Include="../../../src/map/mercenary.cpp">
      <Filter>Source Files</Filter>
    </ClCompile>
    <ClCompile Include="../../../src/map/mob.cpp">
      <Filter>Source Files</Filter>
    </ClCompile>
    <ClCompile Include="../../../src/map/npc.cpp">
      <Filter>Source Files</Filter>
    </ClCompile>
    <ClCompile Include="../../../src/map/npc_chat.cpp">
      <Filter>Source Files</Filter>
    </ClCompile>
    <ClCompile Include="../../../src/map/party.cpp">
      <Filter>Source Files</Filter>
    </ClCompile>
    <ClCompile Include="../../../src/map/path.cpp">
      <Filter>Source Files</Filter>
    </ClCompile>
    <ClCompile Include="../../../src/map/pc.cpp">
      <Filter>Source Files</Filter>
    </ClCompile>
    <ClCompile Include="../../../src/map/pc_groups.cpp">
      <Filter>Source Files</Filter>
    </ClCompile>
    <ClCompile Include="../../../src/map/pet.cpp">
      <Filter>Source Files</Filter>
    </ClCompile>
    <ClCompile Include="../../../src/map/quest.cpp">
      <Filter>Source Files</Filter>
    </ClCompile>
    <ClCompile Include="../../../src/map/script.cpp">
      <Filter>Source Files</Filter>
    </ClCompile>
    <ClCompile Include="../../../src/map/searchstore.cpp">
      <Filter>Source Files</Filter>
    </ClCompile>
    <ClCompile Include="../../../src/map/skill.cpp">
      <Filter>Source Files</Filter>
    </ClCompile>
    <ClCompile Include="../../../src/map/status.cpp">
      <Filter>Source Files</Filter>
    </ClCompile>
    <ClCompile Include="../../../src/map/storage.cpp">
      <Filter>Source Files</Filter>
    </ClCompile>
    <ClCompile Include="../../../src/map/trade.cpp">
      <Filter>Source Files</Filter>
    </ClCompile>
    <ClCompile Include="../../../src/map/unit.cpp">
      <Filter>Source Files</Filter>
    </ClCompile>
    <ClCompile Include="../../../src/map/vending.cpp">
      <Filter>Source Files</Filter>
    </ClCompile>
  </ItemGroup>
</Project>