<?xml version="1.0" encoding="utf-8"?>
<Project ToolsVersion="4.0" xmlns="http://schemas.microsoft.com/developer/msbuild/2003">
  <ItemGroup>
    <ClCompile Include="$(SRC_PATH)\map\atcommand.c">
      <Filter>map</Filter>
    </ClCompile>
    <ClCompile Include="$(SRC_PATH)\map\battle.c">
      <Filter>map</Filter>
    </ClCompile>
    <ClCompile Include="$(SRC_PATH)\map\battleground.c">
      <Filter>map</Filter>
    </ClCompile>
    <ClCompile Include="$(SRC_PATH)\map\buyingstore.c">
      <Filter>map</Filter>
    </ClCompile>  
    <ClCompile Include="$(SRC_PATH)\map\channel.c">
      <Filter>map</Filter>
    </ClCompile>
    <ClCompile Include="$(SRC_PATH)\map\cashshop.c">
      <Filter>map</Filter>
    </ClCompile>
    <ClCompile Include="$(SRC_PATH)\map\chat.c">
      <Filter>map</Filter>
    </ClCompile>
    <ClCompile Include="$(SRC_PATH)\map\chrif.c">
      <Filter>map</Filter>
    </ClCompile>
    <ClCompile Include="$(SRC_PATH)\map\clif.c">
      <Filter>map</Filter>
    </ClCompile>
    <ClCompile Include="$(SRC_PATH)\map\date.c">
      <Filter>map</Filter>
    </ClCompile>
    <ClCompile Include="$(SRC_PATH)\map\duel.c">
      <Filter>map</Filter>
    </ClCompile>
    <ClCompile Include="$(SRC_PATH)\map\elemental.c">
      <Filter>map</Filter>
    </ClCompile>
    <ClCompile Include="$(SRC_PATH)\map\guild.c">
      <Filter>map</Filter>
    </ClCompile>
    <ClCompile Include="$(SRC_PATH)\map\homunculus.c">
      <Filter>map</Filter>
    </ClCompile>
    <ClCompile Include="$(SRC_PATH)\map\instance.c">
      <Filter>map</Filter>
    </ClCompile>
    <ClCompile Include="$(SRC_PATH)\map\intif.c">
      <Filter>map</Filter>
    </ClCompile>
    <ClCompile Include="$(SRC_PATH)\map\itemdb.c">
      <Filter>map</Filter>
    </ClCompile>
    <ClCompile Include="$(SRC_PATH)\map\log.c">
      <Filter>map</Filter>
    </ClCompile>
    <ClCompile Include="$(SRC_PATH)\map\mail.c">
      <Filter>map</Filter>
    </ClCompile>
    <ClCompile Include="$(SRC_PATH)\map\map.c">
      <Filter>map</Filter>
    </ClCompile>
    <ClCompile Include="$(SRC_PATH)\map\mapreg.c">
      <Filter>map</Filter>
    </ClCompile>
    <ClCompile Include="$(SRC_PATH)\map\mercenary.c">
      <Filter>map</Filter>
    </ClCompile>
    <ClCompile Include="$(SRC_PATH)\map\mob.c">
      <Filter>map</Filter>
    </ClCompile>
    <ClCompile Include="$(SRC_PATH)\map\npc.c">
      <Filter>map</Filter>
    </ClCompile>
    <ClCompile Include="$(SRC_PATH)\map\npc_chat.c">
      <Filter>map</Filter>
    </ClCompile>
    <ClCompile Include="$(SRC_PATH)\map\party.c">
      <Filter>map</Filter>
    </ClCompile>
    <ClCompile Include="$(SRC_PATH)\map\path.c">
      <Filter>map</Filter>
    </ClCompile>
    <ClCompile Include="$(SRC_PATH)\map\pc.c">
      <Filter>map</Filter>
    </ClCompile>
    <ClCompile Include="$(SRC_PATH)\map\pet.c">
      <Filter>map</Filter>
    </ClCompile>
    <ClCompile Include="$(SRC_PATH)\map\quest.c">
      <Filter>map</Filter>
    </ClCompile>
    <ClCompile Include="$(SRC_PATH)\map\script.c">
      <Filter>map</Filter>
    </ClCompile>
    <ClCompile Include="$(SRC_PATH)\map\searchstore.c">
      <Filter>map</Filter>
    </ClCompile>
    <ClCompile Include="$(SRC_PATH)\map\skill.c">
      <Filter>map</Filter>
    </ClCompile>
    <ClCompile Include="$(SRC_PATH)\map\status.c">
      <Filter>map</Filter>
    </ClCompile>
    <ClCompile Include="$(SRC_PATH)\map\storage.c">
      <Filter>map</Filter>
    </ClCompile>
    <ClCompile Include="$(SRC_PATH)\map\trade.c">
      <Filter>map</Filter>
    </ClCompile>
    <ClCompile Include="$(SRC_PATH)\map\unit.c">
      <Filter>map</Filter>
    </ClCompile>
    <ClCompile Include="$(SRC_PATH)\map\vending.c">
      <Filter>map</Filter>
    </ClCompile>
    <ClCompile Include="$(SRC_PATH)\common\core.c">
      <Filter>common</Filter>
    </ClCompile>
    <ClCompile Include="$(SRC_PATH)\common\des.c">
      <Filter>common</Filter>
    </ClCompile>
    <ClCompile Include="$(SRC_PATH)\common\db.c">
      <Filter>common</Filter>
    </ClCompile>
    <ClCompile Include="$(SRC_PATH)\common\ers.c">
      <Filter>common</Filter>
    </ClCompile>
    <ClCompile Include="$(SRC_PATH)\common\grfio.c">
      <Filter>common</Filter>
    </ClCompile>
    <ClCompile Include="$(SRC_PATH)\common\malloc.c">
      <Filter>common</Filter>
    </ClCompile>
    <ClCompile Include="$(SRC_PATH)\common\mapindex.c">
      <Filter>common</Filter>
    </ClCompile>
    <ClCompile Include="$(SRC_PATH)\common\md5calc.c">
      <Filter>common</Filter>
    </ClCompile>
    <ClCompile Include="$(SRC_PATH)\common\nullpo.c">
      <Filter>common</Filter>
    </ClCompile>
    <ClCompile Include="$(SRC_PATH)\common\random.c">
      <Filter>common</Filter>
    </ClCompile>
    <ClCompile Include="$(SRC_PATH)\common\socket.c">
      <Filter>common</Filter>
    </ClCompile>
    <ClCompile Include="$(SRC_PATH)\common\sql.c">
      <Filter>common</Filter>
    </ClCompile>
    <ClCompile Include="$(SRC_PATH)\common\strlib.c">
      <Filter>common</Filter>
    </ClCompile>
    <ClCompile Include="$(SRC_PATH)\common\timer.c">
      <Filter>common</Filter>
    </ClCompile>
    <ClCompile Include="$(SRC_PATH)\common\utils.c">
      <Filter>common</Filter>
    </ClCompile>
    <ClCompile Include="$(SRC_PATH)\common\conf.c">
      <Filter>common</Filter>
    </ClCompile>
    <ClCompile Include="$(SRC_PATH)\map\pc_groups.c">
      <Filter>map</Filter>
    </ClCompile>
    <ClCompile Include="$(SRC_PATH)\common\showmsg.c">
      <Filter>common</Filter>
    </ClCompile>
    <ClCompile Include="$(ThirdParty_Path)\mt19937ar\mt19937ar.c">
      <Filter>3rdparty\mt19937ar</Filter>
    </ClCompile>
    <ClCompile Include="$(ThirdParty_Path)\libconfig\grammar.c">
      <Filter>3rdparty\libconfig</Filter>
    </ClCompile>
    <ClCompile Include="$(ThirdParty_Path)\libconfig\libconfig.c">
      <Filter>3rdparty\libconfig</Filter>
    </ClCompile>
    <ClCompile Include="$(ThirdParty_Path)\libconfig\scanctx.c">
      <Filter>3rdparty\libconfig</Filter>
    </ClCompile>
    <ClCompile Include="$(ThirdParty_Path)\libconfig\scanner.c">
      <Filter>3rdparty\libconfig</Filter>
    </ClCompile>
    <ClCompile Include="$(ThirdParty_Path)\libconfig\strbuf.c">
      <Filter>3rdparty\libconfig</Filter>
    </ClCompile>
    <ClCompile Include="$(SRC_PATH)\common\thread.c">
      <Filter>common</Filter>
    </ClCompile>
    <ClCompile Include="$(SRC_PATH)\common\mutex.c">
      <Filter>common</Filter>
    </ClCompile>
    <ClCompile Include="$(SRC_PATH)\common\mempool.c">
      <Filter>common</Filter>
    </ClCompile>
    <ClCompile Include="$(SRC_PATH)\common\raconf.c">
      <Filter>common</Filter>
    </ClCompile>
    <ClCompile Include="$(SRC_PATH)\common\cli.c">
		<Filter>common</Filter>
    </ClCompile>
    <ClCompile Include="$(SRC_PATH)\common\msg_conf.c">
		<Filter>common</Filter>
    </ClCompile>
  </ItemGroup>
  <ItemGroup>
    <ClInclude Include="$(SRC_PATH)\map\atcommand.h">
      <Filter>map</Filter>
    </ClInclude>
    <ClInclude Include="$(SRC_PATH)\map\battle.h">
      <Filter>map</Filter>
    </ClInclude>
    <ClInclude Include="$(SRC_PATH)\map\battleground.h">
      <Filter>map</Filter>
    </ClInclude>
    <ClInclude Include="$(SRC_PATH)\map\buyingstore.h">
      <Filter>map</Filter>
    </ClInclude>
    <ClInclude Include="$(SRC_PATH)\map\channel.h">
      <Filter>map</Filter>
    </ClInclude>
    <ClInclude Include="$(SRC_PATH)\map\cashshop.h">
      <Filter>map</Filter>
    </ClInclude>
    <ClInclude Include="$(SRC_PATH)\map\chat.h">
      <Filter>map</Filter>
    </ClInclude>
    <ClInclude Include="$(SRC_PATH)\map\chrif.h">
      <Filter>map</Filter>
    </ClInclude>
    <ClInclude Include="$(SRC_PATH)\map\clif.h">
      <Filter>map</Filter>
    </ClInclude>
    <ClInclude Include="$(SRC_PATH)\map\date.h">
      <Filter>map</Filter>
    </ClInclude>
    <ClInclude Include="$(SRC_PATH)\map\duel.h">
      <Filter>map</Filter>
    </ClInclude>
    <ClInclude Include="$(SRC_PATH)\map\elemental.h">
      <Filter>map</Filter>
    </ClInclude>
    <ClInclude Include="$(SRC_PATH)\map\guild.h">
      <Filter>map</Filter>
    </ClInclude>
    <ClInclude Include="$(SRC_PATH)\map\homunculus.h">
      <Filter>map</Filter>
    </ClInclude>
    <ClInclude Include="$(SRC_PATH)\map\instance.h">
      <Filter>map</Filter>
    </ClInclude>
    <ClInclude Include="$(SRC_PATH)\map\intif.h">
      <Filter>map</Filter>
    </ClInclude>
    <ClInclude Include="$(SRC_PATH)\map\itemdb.h">
      <Filter>map</Filter>
    </ClInclude>
    <ClInclude Include="$(SRC_PATH)\map\log.h">
      <Filter>map</Filter>
    </ClInclude>
    <ClInclude Include="$(SRC_PATH)\map\mail.h">
      <Filter>map</Filter>
    </ClInclude>
    <ClInclude Include="$(SRC_PATH)\map\map.h">
      <Filter>map</Filter>
    </ClInclude>
    <ClInclude Include="$(SRC_PATH)\map\mapreg.h">
      <Filter>map</Filter>
    </ClInclude>
    <ClInclude Include="$(SRC_PATH)\map\mercenary.h">
      <Filter>map</Filter>
    </ClInclude>
    <ClInclude Include="$(SRC_PATH)\map\mob.h">
      <Filter>map</Filter>
    </ClInclude>
    <ClInclude Include="$(SRC_PATH)\map\npc.h">
      <Filter>map</Filter>
    </ClInclude>
    <ClInclude Include="$(SRC_PATH)\map\party.h">
      <Filter>map</Filter>
    </ClInclude>
    <ClInclude Include="$(SRC_PATH)\map\path.h">
      <Filter>map</Filter>
    </ClInclude>
    <ClInclude Include="$(SRC_PATH)\map\pc.h">
      <Filter>map</Filter>
    </ClInclude>
    <ClInclude Include="$(SRC_PATH)\map\pet.h">
      <Filter>map</Filter>
    </ClInclude>
    <ClInclude Include="$(SRC_PATH)\map\quest.h">
      <Filter>map</Filter>
    </ClInclude>
    <ClInclude Include="$(SRC_PATH)\map\script.h">
      <Filter>map</Filter>
    </ClInclude>
    <ClInclude Include="$(SRC_PATH)\map\searchstore.h">
      <Filter>map</Filter>
    </ClInclude>
    <ClInclude Include="$(SRC_PATH)\map\skill.h">
      <Filter>map</Filter>
    </ClInclude>
    <ClInclude Include="$(SRC_PATH)\map\status.h">
      <Filter>map</Filter>
    </ClInclude>
    <ClInclude Include="$(SRC_PATH)\map\storage.h">
      <Filter>map</Filter>
    </ClInclude>
    <ClInclude Include="$(SRC_PATH)\map\trade.h">
      <Filter>map</Filter>
    </ClInclude>
    <ClInclude Include="$(SRC_PATH)\map\unit.h">
      <Filter>map</Filter>
    </ClInclude>
    <ClInclude Include="$(SRC_PATH)\map\vending.h">
      <Filter>map</Filter>
    </ClInclude>
    <ClInclude Include="$(SRC_PATH)\common\cbasetypes.h">
      <Filter>common</Filter>
    </ClInclude>
    <ClInclude Include="$(SRC_PATH)\common\core.h">
      <Filter>common</Filter>
    </ClInclude>
    <ClInclude Include="$(SRC_PATH)\common\db.h">
      <Filter>common</Filter>
    </ClInclude>
    <ClInclude Include="$(SRC_PATH)\common\des.h">
      <Filter>common</Filter>
    </ClInclude>
    <ClInclude Include="$(SRC_PATH)\common\ers.h">
      <Filter>common</Filter>
    </ClInclude>
    <ClInclude Include="$(SRC_PATH)\common\grfio.h">
      <Filter>common</Filter>
    </ClInclude>
    <ClInclude Include="$(SRC_PATH)\common\malloc.h">
      <Filter>common</Filter>
    </ClInclude>
    <ClInclude Include="$(SRC_PATH)\common\mapindex.h">
      <Filter>common</Filter>
    </ClInclude>
    <ClInclude Include="$(SRC_PATH)\common\md5calc.h">
      <Filter>common</Filter>
    </ClInclude>
    <ClInclude Include="$(SRC_PATH)\common\mmo.h">
      <Filter>common</Filter>
    </ClInclude>
    <ClInclude Include="$(SRC_PATH)\common\nullpo.h">
      <Filter>common</Filter>
    </ClInclude>
    <ClInclude Include="$(SRC_PATH)\common\random.h">
      <Filter>common</Filter>
    </ClInclude>
    <ClInclude Include="$(SRC_PATH)\common\socket.h">
      <Filter>common</Filter>
    </ClInclude>
    <ClInclude Include="$(SRC_PATH)\common\sql.h">
      <Filter>common</Filter>
    </ClInclude>
    <ClInclude Include="$(SRC_PATH)\common\strlib.h">
      <Filter>common</Filter>
    </ClInclude>
    <ClInclude Include="$(SRC_PATH)\common\timer.h">
      <Filter>common</Filter>
    </ClInclude>
    <ClInclude Include="$(SRC_PATH)\common\utils.h">
      <Filter>common</Filter>
    </ClInclude>
    <ClInclude Include="$(SRC_PATH)\common\conf.h">
      <Filter>common</Filter>
    </ClInclude>
    <ClInclude Include="$(SRC_PATH)\map\pc_groups.h">
      <Filter>map</Filter>
    </ClInclude>
    <ClInclude Include="$(SRC_PATH)\common\showmsg.h">
      <Filter>common</Filter>
    </ClInclude>
    <ClInclude Include="$(ThirdParty_Path)\mt19937ar\mt19937ar.h">
      <Filter>3rdparty\mt19937ar</Filter>
    </ClInclude>
    <ClInclude Include="$(ThirdParty_Path)\libconfig\grammar.h">
      <Filter>3rdparty\libconfig</Filter>
    </ClInclude>
    <ClInclude Include="$(ThirdParty_Path)\libconfig\libconfig.h">
      <Filter>3rdparty\libconfig</Filter>
    </ClInclude>
    <ClInclude Include="$(ThirdParty_Path)\libconfig\parsectx.h">
      <Filter>3rdparty\libconfig</Filter>
    </ClInclude>
    <ClInclude Include="$(ThirdParty_Path)\libconfig\scanctx.h">
      <Filter>3rdparty\libconfig</Filter>
    </ClInclude>
    <ClInclude Include="$(ThirdParty_Path)\libconfig\scanner.h">
      <Filter>3rdparty\libconfig</Filter>
    </ClInclude>
    <ClInclude Include="$(ThirdParty_Path)\libconfig\strbuf.h">
      <Filter>3rdparty\libconfig</Filter>
    </ClInclude>
    <ClInclude Include="$(ThirdParty_Path)\libconfig\wincompat.h">
      <Filter>3rdparty\libconfig</Filter>
    </ClInclude>
    <ClInclude Include="$(SRC_PATH)\common\winapi.h">
      <Filter>common</Filter>
    </ClInclude>
    <ClInclude Include="$(SRC_PATH)\common\thread.h">
      <Filter>common</Filter>
    </ClInclude>
    <ClInclude Include="$(SRC_PATH)\common\mutex.h">
      <Filter>common</Filter>
    </ClInclude>
    <ClInclude Include="$(SRC_PATH)\common\mempool.h">
      <Filter>common</Filter>
    </ClInclude>
    <ClInclude Include="$(SRC_PATH)\common\raconf.h">
      <Filter>common</Filter>
    </ClInclude>
    <ClInclude Include="$(SRC_PATH)\common\cli.h">
	 <Filter>common</Filter>
    </ClInclude>
    <ClInclude Include="$(SRC_PATH)\common\msg_conf.h">
		<Filter>common</Filter>
    </ClInclude>
    <ClInclude Include="$(SRC_PATH)\config\secure.h">
      <Filter>config</Filter>
    </ClInclude>
    <ClInclude Include="$(SRC_PATH)\config\const.h">
      <Filter>config</Filter>
    </ClInclude>
    <ClInclude Include="$(SRC_PATH)\config\core.h">
      <Filter>config</Filter>
    </ClInclude>
    <ClInclude Include="$(SRC_PATH)\config\renewal.h">
      <Filter>config</Filter>
    </ClInclude>
    <ClInclude Include="$(SRC_PATH)\config\classes\general.h">
      <Filter>config\classes</Filter>
    </ClInclude>
  </ItemGroup>
  <ItemGroup>
    <Filter Include="common">
      <UniqueIdentifier>{3a137217-ebf7-44ee-95d9-3d7c51d2a199}</UniqueIdentifier>
    </Filter>
    <Filter Include="map">
      <UniqueIdentifier>{8c01a080-5a78-4fb7-96f2-862c33a02230}</UniqueIdentifier>
    </Filter>
    <Filter Include="3rdparty">
      <UniqueIdentifier>{c4845ea8-bcc7-411b-af29-e3842adb6714}</UniqueIdentifier>
    </Filter>
    <Filter Include="3rdparty\mt19937ar">
      <UniqueIdentifier>{fcf23386-ddba-4a72-9b41-62f8e2d0e6c0}</UniqueIdentifier>
    </Filter>
    <Filter Include="3rdparty\libconfig">
      <UniqueIdentifier>{9caf40b7-c4d1-43b4-bd1f-0376b4f920e7}</UniqueIdentifier>
    </Filter>
    <Filter Include="config">
      <UniqueIdentifier>{3308d722-72ef-4a4c-a7aa-892d173c8ea3}</UniqueIdentifier>
    </Filter>
    <Filter Include="config\classes">
      <UniqueIdentifier>{dc4ce819-c8e2-4c38-b929-5a57d01e6657}</UniqueIdentifier>
    </Filter>
  </ItemGroup>
</Project>
